
Microsoft Visual Studio Solution File, Format Version 12.00
# Visual Studio Version 17
VisualStudioVersion = 17.11.35431.28
MinimumVisualStudioVersion = 10.0.40219.1
Project("{FAE04EC0-301F-11D3-BF4B-00C04F79EFBC}") = "Practice 12", "Practice 12\Practice 12.csproj", "{EAA82DBC-C86D-4E38-8A04-E69A2DC50B4D}"
EndProject
Global
	GlobalSection(SolutionConfigurationPlatforms) = preSolution
		Debug|Any CPU = Debug|Any CPU
		Release|Any CPU = Release|Any CPU
	EndGlobalSection
	GlobalSection(ProjectConfigurationPlatforms) = postSolution
		{EAA82DBC-C86D-4E38-8A04-E69A2DC50B4D}.Debug|Any CPU.ActiveCfg = Debug|Any CPU
		{EAA82DBC-C86D-4E38-8A04-E69A2DC50B4D}.Debug|Any CPU.Build.0 = Debug|Any CPU
		{EAA82DBC-C86D-4E38-8A04-E69A2DC50B4D}.Release|Any CPU.ActiveCfg = Release|Any CPU
		{EAA82DBC-C86D-4E38-8A04-E69A2DC50B4D}.Release|Any CPU.Build.0 = Release|Any CPU
	EndGlobalSection
	GlobalSection(SolutionProperties) = preSolution
		HideSolutionNode = FALSE
	EndGlobalSection
	GlobalSection(ExtensibilityGlobals) = postSolution
		SolutionGuid = {F2CEFDCE-E5A0-4357-BB3D-AAD5DE2F64DE}
	EndGlobalSection
EndGlobal
